{
  "name": "alvi-bot",
  "version": "1.0.0",
  "lockfileVersion": 3,
  "requires": true,
  "packages": {
    "": {
      "name": "alvi-bot",
      "version": "1.0.0",
      "license": "MIT",
      "dependencies": {
        "chalk": "^5.3.0",
        "fca-unofficial": "^1.3.14"
      }
    },
    "node_modules/chalk": {
      "version": "5.3.0",
      "resolved": "https://registry.npmjs.org/chalk/-/chalk-5.3.0.tgz",
      "integrity": "sha512-dML8Yz0G7bQ9kzjQ7KPif0L3Yxw7Zxx7uND3b5Z7ErpCm8RwLJtUjb5BLz0cz8tqDnZa0RrE1qd7y2USpU5kDw==",
      "engines": {
        "node": "^12.17.0 || ^14.13 || >=16.0.0"
      }
    },
    "node_modules/fca-unofficial": {
      "version": "1.3.14",
      "resolved": "https://registry.npmjs.org/fca-unofficial/-/fca-unofficial-1.3.14.tgz",
      "integrity": "sha512-DCQYEKrB1U0J0y3bAfiVQcePP7cr1KmPMR5kWw3XvXauZBXLlCQdV8aQJwPOmsGLgP0lA4OtxbS5k3n7R9M6hw==",
      "dependencies": {
        "bluebird": "^3.7.2",
        "cheerio": "^1.0.0-rc.12",
        "form-data": "^4.0.0",
        "mqtt": "^4.3.7",
        "npmlog": "^5.0.1",
        "request": "^2.88.2",
        "tough-cookie": "^4.1.3"
      }
    }
  }
}
